{
  "name": "@sjs-cli-lerna/core",
  "version": "0.0.2",
  "lockfileVersion": 2,
  "requires": true,
  "packages": {
    "": {
      "name": "@sjs-cli-lerna/core",
      "version": "0.0.2",
      "license": "ISC",
      "dependencies": {
        "@sjs-cli-lerna/log": "file:../../utils/log"
      },
      "bin": {
        "sjs-cli": "bin/index.js"
      }
    },
    "../../utils/log": {
      "version": "0.0.2",
      "license": "ISC",
      "dependencies": {
        "npmlog": "^6.0.2"
      }
    },
    "node_modules/@sjs-cli-lerna/log": {
      "resolved": "../../utils/log",
      "link": true
    }
  },
  "dependencies": {
    "@sjs-cli-lerna/log": {
      "version": "file:../../utils/log",
      "requires": {
        "npmlog": "^6.0.2"
      }
    }
  }
}
